
Microsoft Visual Studio Solution File, Format Version 12.00
# Visual Studio Version 17
VisualStudioVersion = 17.1.32210.238
MinimumVisualStudioVersion = 10.0.40219.1
Project("{FAE04EC0-301F-11D3-BF4B-00C04F79EFBC}") = "FirstProject", "FirstProject\FirstProject.csproj", "{4FFC699F-7502-4240-8BA5-A58AE102E223}"
EndProject
Global
	GlobalSection(SolutionConfigurationPlatforms) = preSolution
		Debug|Any CPU = Debug|Any CPU
		Release|Any CPU = Release|Any CPU
	EndGlobalSection
	GlobalSection(ProjectConfigurationPlatforms) = postSolution
		{4FFC699F-7502-4240-8BA5-A58AE102E223}.Debug|Any CPU.ActiveCfg = Debug|Any CPU
		{4FFC699F-7502-4240-8BA5-A58AE102E223}.Debug|Any CPU.Build.0 = Debug|Any CPU
		{4FFC699F-7502-4240-8BA5-A58AE102E223}.Release|Any CPU.ActiveCfg = Release|Any CPU
		{4FFC699F-7502-4240-8BA5-A58AE102E223}.Release|Any CPU.Build.0 = Release|Any CPU
	EndGlobalSection
	GlobalSection(SolutionProperties) = preSolution
		HideSolutionNode = FALSE
	EndGlobalSection
	GlobalSection(ExtensibilityGlobals) = postSolution
		SolutionGuid = {D34D80E4-B507-4E12-B22A-3D9930B93D20}
	EndGlobalSection
EndGlobal
